// !$*UTF8*$!
{
	archiveVersion = 1;
	classes = {
	};
	objectVersion = 46;
	objects = {

/* Begin PBXBuildFile section */
		9AB192441DDC7FE20058A938 /* AppDelegate.swift in Sources */ = {isa = PBXBuildFile; fileRef = 9AB192431DDC7FE20058A938 /* AppDelegate.swift */; };
		9AB192461DDC7FE20058A938 /* ViewController.swift in Sources */ = {isa = PBXBuildFile; fileRef = 9AB192451DDC7FE20058A938 /* ViewController.swift */; };
		9AB192491DDC7FE20058A938 /* Main.storyboard in Resources */ = {isa = PBXBuildFile; fileRef = 9AB192471DDC7FE20058A938 /* Main.storyboard */; };
		9AB1924B1DDC7FE20058A938 /* Assets.xcassets in Resources */ = {isa = PBXBuildFile; fileRef = 9AB1924A1DDC7FE20058A938 /* Assets.xcassets */; };
		9AB1924E1DDC7FE20058A938 /* LaunchScreen.storyboard in Resources */ = {isa = PBXBuildFile; fileRef = 9AB1924C1DDC7FE20058A938 /* LaunchScreen.storyboard */; };
/* End PBXBuildFile section */

/* Begin PBXFileReference section */
		9AB192401DDC7FE20058A938 /* TestDemo2.app */ = {isa = PBXFileReference; explicitFileType = wrapper.application; includeInIndex = 0; path = TestDemo2.app; sourceTree = BUILT_PRODUCTS_DIR; };
		9AB192431DDC7FE20058A938 /* AppDelegate.swift */ = {isa = PBXFileReference; lastKnownFileType = sourcecode.swift; path = AppDelegate.swift; sourceTree = "<group>"; };
		9AB192451DDC7FE20058A938 /* ViewController.swift */ = {isa = PBXFileReference; lastKnownFileType = sourcecode.swift; path = ViewController.swift; sourceTree = "<group>"; };
		9AB192481DDC7FE20058A938 /* Base */ = {isa = PBXFileReference; lastKnownFileType = file.storyboard; name = Base; path = Base.lproj/Main.storyboard; sourceTree = "<group>"; };
		9AB1924A1DDC7FE20058A938 /* Assets.xcassets */ = {isa = PBXFileReference; lastKnownFileType = folder.assetcatalog; path = Assets.xcassets; sourceTree = "<group>"; };
		9AB1924D1DDC7FE20058A938 /* Base */ = {isa = PBXFileReference; lastKnownFileType = file.storyboard; name = Base; path = Base.lproj/LaunchScreen.storyboard; sourceTree = "<group>"; };
		9AB1924F1DDC7FE20058A938 /* Info.plist */ = {isa = PBXFileReference; lastKnownFileType = text.plist.xml; path = Info.plist; sourceTree = "<group>"; };
/* End PBXFileReference section */

/* Begin PBXFrameworksBuildPhase section */
		9AB1923D1DDC7FE20058A938 /* Frameworks */ = {
			isa = PBXFrameworksBuildPhase;
			buildActionMask = 2147483647;
			files = (
			);
			runOnlyForDeploymentPostprocessing = 0;
		};
/* End PBXFrameworksBuildPhase section */

/* Begin PBXGroup section */
		9AB192371DDC7FE20058A938 = {
			isa = PBXGroup;
			children = (
				9AB192421DDC7FE20058A938 /* TestDemo2 */,
				9AB192411DDC7FE20058A938 /* Products */,
			);
			sourceTree = "<group>";
		};
		9AB192411DDC7FE20058A938 /* Products */ = {
			isa = PBXGroup;
			children = (
				9AB192401DDC7FE20058A938 /* TestDemo2.app */,
			);
			name = Products;
			sourceTree = "<group>";
		};
		9AB192421DDC7FE20058A938 /* TestDemo2 */ = {
			isa = PBXGroup;
			children = (
				9AB192431DDC7FE20058A938 /* AppDelegate.swift */,
				9AB192451DDC7FE20058A938 /* ViewController.swift */,
				9AB192471DDC7FE20058A938 /* Main.storyboard */,
				9AB1924A1DDC7FE20058A938 /* Assets.xcassets */,
				9AB1924C1DDC7FE20058A938 /* LaunchScreen.storyboard */,
				9AB1924F1DDC7FE20058A938 /* Info.plist */,
			);
			path = TestDemo2;
			sourceTree = "<group>";
		};
/* End PBXGroup section */

/* Begin PBXNativeTarget section */
		9AB1923F1DDC7FE20058A938 /* TestDemo2 */ = {
			isa = PBXNativeTarget;
			buildConfigurationList = 9AB192521DDC7FE20058A938 /* Build configuration list for PBXNativeTarget "TestDemo2" */;
			buildPhases = (
				9AB1923C1DDC7FE20058A938 /* Sources */,
				9AB1923D1DDC7FE20058A938 /* Frameworks */,
				9AB1923E1DDC7FE20058A938 /* Resources */,
			);
			buildRules = (
			);
			dependencies = (
			);
			name = TestDemo2;
			productName = TestDemo2;
			productReference = 9AB192401DDC7FE20058A938 /* TestDemo2.app */;
			productType = "com.apple.product-type.application";
		};
/* End PBXNativeTarget section */

/* Begin PBXProject section */
		9AB192381DDC7FE20058A938 /* Project object */ = {
			isa = PBXProject;
			attributes = {
				LastSwiftUpdateCheck = 0810;
				LastUpgradeCheck = 0810;
				ORGANIZATIONNAME = ABC;
				TargetAttributes = {
					9AB1923F1DDC7FE20058A938 = {
						CreatedOnToolsVersion = 8.1;
						DevelopmentTeam = 82DAF6UM8Y;
						ProvisioningStyle = Automatic;
					};
				};
			};
			buildConfigurationList = 9AB1923B1DDC7FE20058A938 /* Build configuration list for PBXProject "TestDemo2" */;
			compatibilityVersion = "Xcode 3.2";
			developmentRegion = English;
			hasScannedForEncodings = 0;
			knownRegions = (
				en,
				Base,
			);
			mainGroup = 9AB192371DDC7FE20058A938;
			productRefGroup = 9AB192411DDC7FE20058A938 /* Products */;
			projectDirPath = "";
			projectRoot = "";
			targets = (
				9AB1923F1DDC7FE20058A938 /* TestDemo2 */,
			);
		};
/* End PBXProject section */

/* Begin PBXResourcesBuildPhase section */
		9AB1923E1DDC7FE20058A938 /* Resources */ = {
			isa = PBXResourcesBuildPhase;
			buildActionMask = 2147483647;
			files = (
				9AB1924E1DDC7FE20058A938 /* LaunchScreen.storyboard in Resources */,
				9AB1924B1DDC7FE20058A938 /* Assets.xcassets in Resources */,
				9AB192491DDC7FE20058A938 /* Main.storyboard in Resources */,
			);
			runOnlyForDeploymentPostprocessing = 0;
		};
/* End PBXResourcesBuildPhase section */

/* Begin PBXSourcesBuildPhase section */
		9AB1923C1DDC7FE20058A938 /* Sources */ = {
			isa = PBXSourcesBuildPhase;
			buildActionMask = 2147483647;
			files = (
				9AB192461DDC7FE20058A938 /* ViewController.swift in Sources */,
				9AB192441DDC7FE20058A938 /* AppDelegate.swift in Sources */,
			);
			runOnlyForDeploymentPostprocessing = 0;
		};
/* End PBXSourcesBuildPhase section */

/* Begin PBXVariantGroup section */
		9AB192471DDC7FE20058A938 /* Main.storyboard */ = {
			isa = PBXVariantGroup;
			children = (
				9AB192481DDC7FE20058A938 /* Base */,
			);
			name = Main.storyboard;
			sourceTree = "<group>";
		};
		9AB1924C1DDC7FE20058A938 /* LaunchScreen.storyboard */ = {
			isa = PBXVariantGroup;
			children = (
				9AB1924D1DDC7FE20058A938 /* Base */,
			);
			name = LaunchScreen.storyboard;
			sourceTree = "<group>";
		};
/* End PBXVariantGroup section */

/* Begin XCBuildConfiguration section */
		9AB192501DDC7FE20058A938 /* Debug */ = {
			isa = XCBuildConfiguration;
			buildSettings = {
				ALWAYS_SEARCH_USER_PATHS = NO;
				CLANG_ANALYZER_NONNULL = YES;
				CLANG_CXX_LANGUAGE_STANDARD = "gnu++0x";
				CLANG_CXX_LIBRARY = "libc++";
				CLANG_ENABLE_MODULES = YES;
				CLANG_ENABLE_OBJC_ARC = YES;
				CLANG_WARN_BOOL_CONVERSION = YES;
				CLANG_WARN_CONSTANT_CONVERSION = YES;
				CLANG_WARN_DIRECT_OBJC_ISA_USAGE = YES_ERROR;
				CLANG_WARN_DOCUMENTATION_COMMENTS = YES;
				CLANG_WARN_EMPTY_BODY = YES;
				CLANG_WARN_ENUM_CONVERSION = YES;
				CLANG_WARN_INFINITE_RECURSION = YES;
				CLANG_WARN_INT_CONVERSION = YES;
				CLANG_WARN_OBJC_ROOT_CLASS = YES_ERROR;
				CLANG_WARN_SUSPICIOUS_MOVES = YES;
				CLANG_WARN_UNREACHABLE_CODE = YES;
				CLANG_WARN__DUPLICATE_METHOD_MATCH = YES;
				"CODE_SIGN_IDENTITY[sdk=iphoneos*]" = "iPhone Developer";
				COPY_PHASE_STRIP = NO;
				DEBUG_INFORMATION_FORMAT = dwarf;
				ENABLE_STRICT_OBJC_MSGSEND = YES;
				ENABLE_TESTABILITY = YES;
				GCC_C_LANGUAGE_STANDARD = gnu99;
				GCC_DYNAMIC_NO_PIC = NO;
				GCC_NO_COMMON_BLOCKS = YES;
				GCC_OPTIMIZATION_LEVEL = 0;
				GCC_PREPROCESSOR_DEFINITIONS = (
					"DEBUG=1",
					"$(inherited)",
				);
				GCC_WARN_64_TO_32_BIT_CONVERSION = YES;
				GCC_WARN_ABOUT_RETURN_TYPE = YES_ERROR;
				GCC_WARN_UNDECLARED_SELECTOR = YES;
				GCC_WARN_UNINITIALIZED_AUTOS = YES_AGGRESSIVE;
				GCC_WARN_UNUSED_FUNCTION = YES;
				GCC_WARN_UNUSED_VARIABLE = YES;
				IPHONEOS_DEPLOYMENT_TARGET = 10.1;
				MTL_ENABLE_DEBUG_INFO = YES;
				ONLY_ACTIVE_ARCH = YES;
				SDKROOT = iphoneos;
				SWIFT_ACTIVE_COMPILATION_CONDITIONS = DEBUG;
				SWIFT_OPTIMIZATION_LEVEL = "-Onone";
				TARGETED_DEVICE_FAMILY = "1,2";
			};
			name = Debug;
		};
		9AB192511DDC7FE20058A938 /* Release */ = {
			isa = XCBuildConfiguration;
			buildSettings = {
				ALWAYS_SEARCH_USER_PATHS = NO;
				CLANG_ANALYZER_NONNULL = YES;
				CLANG_CXX_LANGUAGE_STANDARD = "gnu++0x";
				CLANG_CXX_LIBRARY = "libc++";
				CLANG_ENABLE_MODULES = YES;
				CLANG_ENABLE_OBJC_ARC = YES;
				CLANG_WARN_BOOL_CONVERSION = YES;
				CLANG_WARN_CONSTANT_CONVERSION = YES;
				CLANG_WARN_DIRECT_OBJC_ISA_USAGE = YES_ERROR;
				CLANG_WARN_DOCUMENTATION_COMMENTS = YES;
				CLANG_WARN_EMPTY_BODY = YES;
				CLANG_WARN_ENUM_CONVERSION = YES;
				CLANG_WARN_INFINITE_RECURSION = YES;
				CLANG_WARN_INT_CONVERSION = YES;
				CLANG_WARN_OBJC_ROOT_CLASS = YES_ERROR;
				CLANG_WARN_SUSPICIOUS_MOVES = YES;
				CLANG_WARN_UNREACHABLE_CODE = YES;
				CLANG_WARN__DUPLICATE_METHOD_MATCH = YES;
				"CODE_SIGN_IDENTITY[sdk=iphoneos*]" = "iPhone Developer";
				COPY_PHASE_STRIP = NO;
				DEBUG_INFORMATION_FORMAT = "dwarf-with-dsym";
				ENABLE_NS_ASSERTIONS = NO;
				ENABLE_STRICT_OBJC_MSGSEND = YES;
				GCC_C_LANGUAGE_STANDARD = gnu99;
				GCC_NO_COMMON_BLOCKS = YES;
				GCC_WARN_64_TO_32_BIT_CONVERSION = YES;
				GCC_WARN_ABOUT_RETURN_TYPE = YES_ERROR;
				GCC_WARN_UNDECLARED_SELECTOR = YES;
				GCC_WARN_UNINITIALIZED_AUTOS = YES_AGGRESSIVE;
				GCC_WARN_UNUSED_FUNCTION = YES;
				GCC_WARN_UNUSED_VARIABLE = YES;
				IPHONEOS_DEPLOYMENT_TARGET = 10.1;
				MTL_ENABLE_DEBUG_INFO = NO;
				SDKROOT = iphoneos;
				SWIFT_OPTIMIZATION_LEVEL = "-Owholemodule";
				TARGETED_DEVICE_FAMILY = "1,2";
				VALIDATE_PRODUCT = YES;
			};
			name = Release;
		};
		9AB192531DDC7FE20058A938 /* Debug */ = {
			isa = XCBuildConfiguration;
			buildSettings = {
				ASSETCATALOG_COMPILER_APPICON_NAME = AppIcon;
				DEVELOPMENT_TEAM = 82DAF6UM8Y;
				INFOPLIST_FILE = TestDemo2/Info.plist;
				LD_RUNPATH_SEARCH_PATHS = "$(inherited) @executable_path/Frameworks";
				PRODUCT_BUNDLE_IDENTIFIER = se.abc.labs.TestDemo2;
				PRODUCT_NAME = "$(TARGET_NAME)";
				SWIFT_VERSION = 3.0;
			};
			name = Debug;
		};
		9AB192541DDC7FE20058A938 /* Release */ = {
			isa = XCBuildConfiguration;
			buildSettings = {
				ASSETCATALOG_COMPILER_APPICON_NAME = AppIcon;
				DEVELOPMENT_TEAM = 82DAF6UM8Y;
				INFOPLIST_FILE = TestDemo2/Info.plist;
				LD_RUNPATH_SEARCH_PATHS = "$(inherited) @executable_path/Frameworks";
				PRODUCT_BUNDLE_IDENTIFIER = se.abc.labs.TestDemo2;
				PRODUCT_NAME = "$(TARGET_NAME)";
				SWIFT_VERSION = 3.0;
			};
			name = Release;
		};
/* End XCBuildConfiguration section */

/* Begin XCConfigurationList section */
		9AB1923B1DDC7FE20058A938 /* Build configuration list for PBXProject "TestDemo2" */ = {
			isa = XCConfigurationList;
			buildConfigurations = (
				9AB192501DDC7FE20058A938 /* Debug */,
				9AB192511DDC7FE20058A938 /* Release */,
			);
			defaultConfigurationIsVisible = 0;
			defaultConfigurationName = Release;
		};
		9AB192521DDC7FE20058A938 /* Build configuration list for PBXNativeTarget "TestDemo2" */ = {
			isa = XCConfigurationList;
			buildConfigurations = (
				9AB192531DDC7FE20058A938 /* Debug */,
				9AB192541DDC7FE20058A938 /* Release */,
			);
			defaultConfigurationIsVisible = 0;
		};
/* End XCConfigurationList section */
	};
	rootObject = 9AB192381DDC7FE20058A938 /* Project object */;
}
